
Microsoft Visual Studio Solution File, Format Version 12.00
# Visual Studio 15
VisualStudioVersion = 15.0.27130.2036
MinimumVisualStudioVersion = 10.0.40219.1
Project("{888888A0-9F3D-457C-B088-3A5042F75D52}") = "Kases", "Kases.pyproj", "{5B8ABC3E-C78F-488D-B4A9-E49D2737E3C9}"
EndProject
Global
	GlobalSection(Performance) = preSolution
		HasPerformanceSessions = true
	EndGlobalSection
	GlobalSection(SolutionConfigurationPlatforms) = preSolution
		Debug|Any CPU = Debug|Any CPU
		Release|Any CPU = Release|Any CPU
	EndGlobalSection
	GlobalSection(ProjectConfigurationPlatforms) = postSolution
		{5B8ABC3E-C78F-488D-B4A9-E49D2737E3C9}.Debug|Any CPU.ActiveCfg = Debug|Any CPU
		{5B8ABC3E-C78F-488D-B4A9-E49D2737E3C9}.Debug|Any CPU.Build.0 = Debug|Any CPU
		{5B8ABC3E-C78F-488D-B4A9-E49D2737E3C9}.Release|Any CPU.ActiveCfg = Release|Any CPU
		{5B8ABC3E-C78F-488D-B4A9-E49D2737E3C9}.Release|Any CPU.Build.0 = Release|Any CPU
	EndGlobalSection
	GlobalSection(SolutionProperties) = preSolution
		HideSolutionNode = FALSE
	EndGlobalSection
	GlobalSection(ExtensibilityGlobals) = postSolution
		SolutionGuid = {C07FEBB6-6BB5-4615-8943-E4CEB59D0E38}
	EndGlobalSection
	GlobalSection(Performance) = preSolution
		HasPerformanceSessions = true
	EndGlobalSection
EndGlobal
